// !$*UTF8*$!
{
	archiveVersion = 1;
	classes = {
	};
	objectVersion = 52;
	objects = {

/* Begin PBXBuildFile section */
		0A2E42BC236B0EE900B5C569 /* VideoView.swift in Sources */ = {isa = PBXBuildFile; fileRef = 0A2E42BB236B0EE900B5C569 /* VideoView.swift */; };
		0A2FF3162363A1DB008FD68B /* Assets.xcassets in Resources */ = {isa = PBXBuildFile; fileRef = 0A2FF3112363A0BD008FD68B /* Assets.xcassets */; };
		0A3FD1EF23A8D50000FE9918 /* CircularProgress in Frameworks */ = {isa = PBXBuildFile; productRef = 0A3FD1EE23A8D50000FE9918 /* CircularProgress */; };
		0A3FD1F223A9443E00FE9918 /* ResinAPI.swift in Sources */ = {isa = PBXBuildFile; fileRef = 0A3FD1F123A9443E00FE9918 /* ResinAPI.swift */; };
		0A3FD1F423A94A5B00FE9918 /* WifiServiceAPI.swift in Sources */ = {isa = PBXBuildFile; fileRef = 0A3FD1F323A94A5B00FE9918 /* WifiServiceAPI.swift */; };
		0A3FD1F623A94FAC00FE9918 /* RecordingsAPI.swift in Sources */ = {isa = PBXBuildFile; fileRef = 0A3FD1F523A94FAC00FE9918 /* RecordingsAPI.swift */; };
		0A3FD1F923A9723E00FE9918 /* APIVersion.swift in Sources */ = {isa = PBXBuildFile; fileRef = 0A3FD1F823A9723E00FE9918 /* APIVersion.swift */; };
		0A3FD1FB23A9726200FE9918 /* DeviceState.swift in Sources */ = {isa = PBXBuildFile; fileRef = 0A3FD1FA23A9726200FE9918 /* DeviceState.swift */; };
		0A3FD1FD23A9729800FE9918 /* SSIDInfo.swift in Sources */ = {isa = PBXBuildFile; fileRef = 0A3FD1FC23A9729800FE9918 /* SSIDInfo.swift */; };
		0A3FD1FF23A972BA00FE9918 /* ConnectionInfo.swift in Sources */ = {isa = PBXBuildFile; fileRef = 0A3FD1FE23A972B900FE9918 /* ConnectionInfo.swift */; };
		0A3FD20123A9735300FE9918 /* AppInfo.swift in Sources */ = {isa = PBXBuildFile; fileRef = 0A3FD20023A9735300FE9918 /* AppInfo.swift */; };
		0A3FD20623A97B6D00FE9918 /* PromiseKit in Frameworks */ = {isa = PBXBuildFile; productRef = 0A3FD20523A97B6D00FE9918 /* PromiseKit */; };
		0A5107DB23AA807D00C19289 /* NetworkError.swift in Sources */ = {isa = PBXBuildFile; fileRef = 0A5107DA23AA807D00C19289 /* NetworkError.swift */; };
		0A5107DC23AA85B000C19289 /* RestProvider.swift in Sources */ = {isa = PBXBuildFile; fileRef = 0A3FD20223A97A3500FE9918 /* RestProvider.swift */; };
		0A51082023AADE8F00C19289 /* PresentWithAnimatorSegue.swift in Sources */ = {isa = PBXBuildFile; fileRef = 0A51081723AADE8F00C19289 /* PresentWithAnimatorSegue.swift */; };
		0A59790F239583AB006F10FF /* FastRTPSBridge.framework in Frameworks */ = {isa = PBXBuildFile; fileRef = 0A59790B23958380006F10FF /* FastRTPSBridge.framework */; };
		0A597910239583AB006F10FF /* FastRTPSBridge.framework in Embed Frameworks */ = {isa = PBXBuildFile; fileRef = 0A59790B23958380006F10FF /* FastRTPSBridge.framework */; settings = {ATTRIBUTES = (CodeSignOnCopy, RemoveHeadersOnCopy, ); }; };
		0A5CBCAE23675F920055131A /* SF-Pro-Display-Thin.otf in CopyFiles */ = {isa = PBXBuildFile; fileRef = 0A5CBC9B23675F410055131A /* SF-Pro-Display-Thin.otf */; };
		0A5CBCAF23675F920055131A /* SF-Pro-Display-Light.otf in CopyFiles */ = {isa = PBXBuildFile; fileRef = 0A5CBC9C23675F410055131A /* SF-Pro-Display-Light.otf */; };
		0A5CBCB023675F920055131A /* SF-Pro-Display-Regular.otf in CopyFiles */ = {isa = PBXBuildFile; fileRef = 0A5CBC9D23675F410055131A /* SF-Pro-Display-Regular.otf */; };
		0A5CBCB123675F920055131A /* SF-Pro-Display-Bold.otf in CopyFiles */ = {isa = PBXBuildFile; fileRef = 0A5CBC9E23675F410055131A /* SF-Pro-Display-Bold.otf */; };
		0A5CBCB223675F920055131A /* SF-Pro-Display-Medium.otf in CopyFiles */ = {isa = PBXBuildFile; fileRef = 0A5CBC9F23675F410055131A /* SF-Pro-Display-Medium.otf */; };
		0A5CBCB323675F920055131A /* SF-Pro-Display-Heavy.otf in CopyFiles */ = {isa = PBXBuildFile; fileRef = 0A5CBCA023675F410055131A /* SF-Pro-Display-Heavy.otf */; };
		0A5CBCB423675F920055131A /* SF-Pro-Display-Semibold.otf in CopyFiles */ = {isa = PBXBuildFile; fileRef = 0A5CBCA123675F410055131A /* SF-Pro-Display-Semibold.otf */; };
		0A5CBCB523675F920055131A /* SF-Pro-Display-Ultralight.otf in CopyFiles */ = {isa = PBXBuildFile; fileRef = 0A5CBCA223675F410055131A /* SF-Pro-Display-Ultralight.otf */; };
		0A5CBCB623675F920055131A /* SF-Pro-Display-Black.otf in CopyFiles */ = {isa = PBXBuildFile; fileRef = 0A5CBCA323675F410055131A /* SF-Pro-Display-Black.otf */; };
		0A7130D423636AF200817593 /* FlatButton.swift in Sources */ = {isa = PBXBuildFile; fileRef = 0A7130C823636AF100817593 /* FlatButton.swift */; };
		0A7130D623636AF200817593 /* Extensions.swift in Sources */ = {isa = PBXBuildFile; fileRef = 0A7130CA23636AF100817593 /* Extensions.swift */; };
		0A7130D723636AF200817593 /* DisplayManager.swift in Sources */ = {isa = PBXBuildFile; fileRef = 0A7130CB23636AF100817593 /* DisplayManager.swift */; };
		0A7130D823636AF200817593 /* VideoDecoder.swift in Sources */ = {isa = PBXBuildFile; fileRef = 0A7130CC23636AF100817593 /* VideoDecoder.swift */; };
		0A7130D923636AF200817593 /* AppDelegate.swift in Sources */ = {isa = PBXBuildFile; fileRef = 0A7130CD23636AF100817593 /* AppDelegate.swift */; };
		0A7130DA23636AF200817593 /* FloatingViewProtocol.swift in Sources */ = {isa = PBXBuildFile; fileRef = 0A7130CE23636AF100817593 /* FloatingViewProtocol.swift */; };
		0A7130DB23636AF200817593 /* Preferences.swift in Sources */ = {isa = PBXBuildFile; fileRef = 0A7130CF23636AF100817593 /* Preferences.swift */; };
		0A7130DC23636AF200817593 /* RovModelView.swift in Sources */ = {isa = PBXBuildFile; fileRef = 0A7130D023636AF100817593 /* RovModelView.swift */; };
		0A7130DD23636AF200817593 /* TridentControl.swift in Sources */ = {isa = PBXBuildFile; fileRef = 0A7130D123636AF100817593 /* TridentControl.swift */; };
		0A7130DE23636AF200817593 /* CameraControlView.swift in Sources */ = {isa = PBXBuildFile; fileRef = 0A7130D223636AF200817593 /* CameraControlView.swift */; };
		0A7130DF23636AF200817593 /* DiveViewController.swift in Sources */ = {isa = PBXBuildFile; fileRef = 0A7130D323636AF200817593 /* DiveViewController.swift */; };
		0A7130FD23636B0200817593 /* RovTopic.swift in Sources */ = {isa = PBXBuildFile; fileRef = 0A7130E123636B0200817593 /* RovTopic.swift */; };
		0A7130FE23636B0200817593 /* RovBarometer.swift in Sources */ = {isa = PBXBuildFile; fileRef = 0A7130E223636B0200817593 /* RovBarometer.swift */; };
		0A7130FF23636B0200817593 /* I2CStats.swift in Sources */ = {isa = PBXBuildFile; fileRef = 0A7130E323636B0200817593 /* I2CStats.swift */; };
		0A71310023636B0200817593 /* BatteryState.swift in Sources */ = {isa = PBXBuildFile; fileRef = 0A7130E423636B0200817593 /* BatteryState.swift */; };
		0A71310123636B0200817593 /* RovCameraObjectTrack.swift in Sources */ = {isa = PBXBuildFile; fileRef = 0A7130E523636B0200817593 /* RovCameraObjectTrack.swift */; };
		0A71310223636B0200817593 /* RovSafetyState.swift in Sources */ = {isa = PBXBuildFile; fileRef = 0A7130E623636B0200817593 /* RovSafetyState.swift */; };
		0A71310323636B0200817593 /* RovVector3.swift in Sources */ = {isa = PBXBuildFile; fileRef = 0A7130E723636B0200817593 /* RovVector3.swift */; };
		0A71310423636B0200817593 /* RovControlDescriptor.swift in Sources */ = {isa = PBXBuildFile; fileRef = 0A7130E823636B0200817593 /* RovControlDescriptor.swift */; };
		0A71310523636B0200817593 /* RovBeacon.swift in Sources */ = {isa = PBXBuildFile; fileRef = 0A7130E923636B0200817593 /* RovBeacon.swift */; };
		0A71310623636B0200817593 /* RovQuaternion+extensions.swift in Sources */ = {isa = PBXBuildFile; fileRef = 0A7130EA23636B0200817593 /* RovQuaternion+extensions.swift */; };
		0A71310723636B0200817593 /* RovFuelgauge.swift in Sources */ = {isa = PBXBuildFile; fileRef = 0A7130EB23636B0200817593 /* RovFuelgauge.swift */; };
		0A71310823636B0200817593 /* RovFirmware.swift in Sources */ = {isa = PBXBuildFile; fileRef = 0A7130EC23636B0200817593 /* RovFirmware.swift */; };
		0A71310923636B0200817593 /* RovAttitude.swift in Sources */ = {isa = PBXBuildFile; fileRef = 0A7130ED23636B0200817593 /* RovAttitude.swift */; };
		0A71310A23636B0200817593 /* RovCommon.swift in Sources */ = {isa = PBXBuildFile; fileRef = 0A7130EE23636B0200817593 /* RovCommon.swift */; };
		0A71310B23636B0200817593 /* RovTridentControlTarget.swift in Sources */ = {isa = PBXBuildFile; fileRef = 0A7130EF23636B0200817593 /* RovTridentControlTarget.swift */; };
		0A71310C23636B0200817593 /* RovPoint.swift in Sources */ = {isa = PBXBuildFile; fileRef = 0A7130F023636B0200817593 /* RovPoint.swift */; };
		0A71310D23636B0200817593 /* RovTridentMotorCommand.swift in Sources */ = {isa = PBXBuildFile; fileRef = 0A7130F123636B0200817593 /* RovTridentMotorCommand.swift */; };
		0A71310E23636B0200817593 /* RovTemperature.swift in Sources */ = {isa = PBXBuildFile; fileRef = 0A7130F223636B0200817593 /* RovTemperature.swift */; };
		0A71310F23636B0200817593 /* RovDepth.swift in Sources */ = {isa = PBXBuildFile; fileRef = 0A7130F323636B0200817593 /* RovDepth.swift */; };
		0A71311023636B0200817593 /* RovQuaternion.swift in Sources */ = {isa = PBXBuildFile; fileRef = 0A7130F423636B0200817593 /* RovQuaternion.swift */; };
		0A71311123636B0200817593 /* RovControllerStatus.swift in Sources */ = {isa = PBXBuildFile; fileRef = 0A7130F523636B0200817593 /* RovControllerStatus.swift */; };
		0A71311223636B0200817593 /* DDSTypeString.swift in Sources */ = {isa = PBXBuildFile; fileRef = 0A7130F623636B0200817593 /* DDSTypeString.swift */; };
		0A71311323636B0200817593 /* RovRecording.swift in Sources */ = {isa = PBXBuildFile; fileRef = 0A7130F723636B0200817593 /* RovRecording.swift */; };
		0A71311423636B0200817593 /* RovVideoData.swift in Sources */ = {isa = PBXBuildFile; fileRef = 0A7130F823636B0200817593 /* RovVideoData.swift */; };
		0A71311523636B0200817593 /* RovSubsystemStatus.swift in Sources */ = {isa = PBXBuildFile; fileRef = 0A7130F923636B0200817593 /* RovSubsystemStatus.swift */; };
		0A71311623636B0200817593 /* RovChannel.swift in Sources */ = {isa = PBXBuildFile; fileRef = 0A7130FA23636B0200817593 /* RovChannel.swift */; };
		0A71311723636B0200817593 /* RovCamera.swift in Sources */ = {isa = PBXBuildFile; fileRef = 0A7130FB23636B0200817593 /* RovCamera.swift */; };
		0A71311823636B0200817593 /* RovLightPower.swift in Sources */ = {isa = PBXBuildFile; fileRef = 0A7130FC23636B0200817593 /* RovLightPower.swift */; };
		0A71311A23636B1700817593 /* Main.storyboard in Resources */ = {isa = PBXBuildFile; fileRef = 0A71311923636B1700817593 /* Main.storyboard */; };
		0A71311C23636B5C00817593 /* TridentCockpit.scnassets in Resources */ = {isa = PBXBuildFile; fileRef = 0A71311B23636B5C00817593 /* TridentCockpit.scnassets */; };
		0A71313B23637F0700817593 /* FastRTPS.swift in Sources */ = {isa = PBXBuildFile; fileRef = 0A71313A23637F0700817593 /* FastRTPS.swift */; };
		0A82780A23A63B220039A774 /* DashboardViewController.swift in Sources */ = {isa = PBXBuildFile; fileRef = 0A82780023A63B220039A774 /* DashboardViewController.swift */; };
		0A82780C23A63B2D0039A774 /* WindowController.swift in Sources */ = {isa = PBXBuildFile; fileRef = 0A82780B23A63B2D0039A774 /* WindowController.swift */; };
		0A82781023A641230039A774 /* PastDivesViewController.swift in Sources */ = {isa = PBXBuildFile; fileRef = 0A82780F23A641230039A774 /* PastDivesViewController.swift */; };
		0A82781223A641750039A774 /* MaintenanceViewController.swift in Sources */ = {isa = PBXBuildFile; fileRef = 0A82781123A641750039A774 /* MaintenanceViewController.swift */; };
		0A82781423A689E70039A774 /* ToolbarItemIdentifier.swift in Sources */ = {isa = PBXBuildFile; fileRef = 0A82781323A689E70039A774 /* ToolbarItemIdentifier.swift */; };
		0A84F9CE237B37BF009BBAD4 /* SetupNotifications.swift in Sources */ = {isa = PBXBuildFile; fileRef = 0A84F9CD237B37BF009BBAD4 /* SetupNotifications.swift */; };
		0AF69E0323A601220037DBDD /* SwiftSH.framework in Frameworks */ = {isa = PBXBuildFile; fileRef = 0AF69E0023A600FA0037DBDD /* SwiftSH.framework */; };
		0AF69E0423A601220037DBDD /* SwiftSH.framework in Embed Frameworks */ = {isa = PBXBuildFile; fileRef = 0AF69E0023A600FA0037DBDD /* SwiftSH.framework */; settings = {ATTRIBUTES = (CodeSignOnCopy, RemoveHeadersOnCopy, ); }; };
		0AF69E0723A603AF0037DBDD /* Moya in Frameworks */ = {isa = PBXBuildFile; productRef = 0AF69E0623A603AF0037DBDD /* Moya */; };
/* End PBXBuildFile section */

/* Begin PBXContainerItemProxy section */
		0A59790A23958380006F10FF /* PBXContainerItemProxy */ = {
			isa = PBXContainerItemProxy;
			containerPortal = 0A59790323958380006F10FF /* FastRTPSBridge.xcodeproj */;
			proxyType = 2;
			remoteGlobalIDString = 0A7130752363503500817593;
			remoteInfo = "FastRTPSBridge macOS";
		};
		0A59790C23958380006F10FF /* PBXContainerItemProxy */ = {
			isa = PBXContainerItemProxy;
			containerPortal = 0A59790323958380006F10FF /* FastRTPSBridge.xcodeproj */;
			proxyType = 2;
			remoteGlobalIDString = 0A8A37DB2366DB1B008E8DC1;
			remoteInfo = "FastRTPSBridge iOS";
		};
		0AF69DFD23A600FA0037DBDD /* PBXContainerItemProxy */ = {
			isa = PBXContainerItemProxy;
			containerPortal = 0AF69DF123A600FA0037DBDD /* SwiftSH.xcodeproj */;
			proxyType = 2;
			remoteGlobalIDString = 180BD1FF1B4C622D000DB241;
			remoteInfo = "SwiftSH-iOS";
		};
		0AF69DFF23A600FA0037DBDD /* PBXContainerItemProxy */ = {
			isa = PBXContainerItemProxy;
			containerPortal = 0AF69DF123A600FA0037DBDD /* SwiftSH.xcodeproj */;
			proxyType = 2;
			remoteGlobalIDString = 0A479FDA239E9F8F00699CE1;
			remoteInfo = "SwiftSH-macOS";
		};
		0AF69E0123A600FA0037DBDD /* PBXContainerItemProxy */ = {
			isa = PBXContainerItemProxy;
			containerPortal = 0AF69DF123A600FA0037DBDD /* SwiftSH.xcodeproj */;
			proxyType = 2;
			remoteGlobalIDString = 7D148CFA21225961009C1CCC;
			remoteInfo = "SwiftSH Integration Tests";
		};
/* End PBXContainerItemProxy section */

/* Begin PBXCopyFilesBuildPhase section */
		0A5CBCAD23675F740055131A /* CopyFiles */ = {
			isa = PBXCopyFilesBuildPhase;
			buildActionMask = 2147483647;
			dstPath = Fonts;
			dstSubfolderSpec = 7;
			files = (
				0A5CBCAE23675F920055131A /* SF-Pro-Display-Thin.otf in CopyFiles */,
				0A5CBCAF23675F920055131A /* SF-Pro-Display-Light.otf in CopyFiles */,
				0A5CBCB023675F920055131A /* SF-Pro-Display-Regular.otf in CopyFiles */,
				0A5CBCB123675F920055131A /* SF-Pro-Display-Bold.otf in CopyFiles */,
				0A5CBCB223675F920055131A /* SF-Pro-Display-Medium.otf in CopyFiles */,
				0A5CBCB323675F920055131A /* SF-Pro-Display-Heavy.otf in CopyFiles */,
				0A5CBCB423675F920055131A /* SF-Pro-Display-Semibold.otf in CopyFiles */,
				0A5CBCB523675F920055131A /* SF-Pro-Display-Ultralight.otf in CopyFiles */,
				0A5CBCB623675F920055131A /* SF-Pro-Display-Black.otf in CopyFiles */,
			);
			runOnlyForDeploymentPostprocessing = 0;
		};
		0AD99392236703FC00D037A3 /* Embed Frameworks */ = {
			isa = PBXCopyFilesBuildPhase;
			buildActionMask = 2147483647;
			dstPath = "";
			dstSubfolderSpec = 10;
			files = (
				0A597910239583AB006F10FF /* FastRTPSBridge.framework in Embed Frameworks */,
				0AF69E0423A601220037DBDD /* SwiftSH.framework in Embed Frameworks */,
			);
			name = "Embed Frameworks";
			runOnlyForDeploymentPostprocessing = 0;
		};
/* End PBXCopyFilesBuildPhase section */

/* Begin PBXFileReference section */
		0A2E42BB236B0EE900B5C569 /* VideoView.swift */ = {isa = PBXFileReference; fileEncoding = 4; lastKnownFileType = sourcecode.swift; path = VideoView.swift; sourceTree = "<group>"; };
		0A2FF3112363A0BD008FD68B /* Assets.xcassets */ = {isa = PBXFileReference; lastKnownFileType = folder.assetcatalog; path = Assets.xcassets; sourceTree = "<group>"; };
		0A2FF3122363A13B008FD68B /* TridentCockpit.entitlements */ = {isa = PBXFileReference; lastKnownFileType = text.plist.entitlements; path = TridentCockpit.entitlements; sourceTree = "<group>"; };
		0A3FD1F123A9443E00FE9918 /* ResinAPI.swift */ = {isa = PBXFileReference; lastKnownFileType = sourcecode.swift; path = ResinAPI.swift; sourceTree = "<group>"; };
		0A3FD1F323A94A5B00FE9918 /* WifiServiceAPI.swift */ = {isa = PBXFileReference; lastKnownFileType = sourcecode.swift; path = WifiServiceAPI.swift; sourceTree = "<group>"; };
		0A3FD1F523A94FAC00FE9918 /* RecordingsAPI.swift */ = {isa = PBXFileReference; lastKnownFileType = sourcecode.swift; path = RecordingsAPI.swift; sourceTree = "<group>"; };
		0A3FD1F823A9723E00FE9918 /* APIVersion.swift */ = {isa = PBXFileReference; lastKnownFileType = sourcecode.swift; path = APIVersion.swift; sourceTree = "<group>"; };
		0A3FD1FA23A9726200FE9918 /* DeviceState.swift */ = {isa = PBXFileReference; lastKnownFileType = sourcecode.swift; path = DeviceState.swift; sourceTree = "<group>"; };
		0A3FD1FC23A9729800FE9918 /* SSIDInfo.swift */ = {isa = PBXFileReference; lastKnownFileType = sourcecode.swift; path = SSIDInfo.swift; sourceTree = "<group>"; };
		0A3FD1FE23A972B900FE9918 /* ConnectionInfo.swift */ = {isa = PBXFileReference; lastKnownFileType = sourcecode.swift; path = ConnectionInfo.swift; sourceTree = "<group>"; };
		0A3FD20023A9735300FE9918 /* AppInfo.swift */ = {isa = PBXFileReference; lastKnownFileType = sourcecode.swift; path = AppInfo.swift; sourceTree = "<group>"; };
		0A3FD20223A97A3500FE9918 /* RestProvider.swift */ = {isa = PBXFileReference; fileEncoding = 4; lastKnownFileType = sourcecode.swift; path = RestProvider.swift; sourceTree = "<group>"; };
		0A5107DA23AA807D00C19289 /* NetworkError.swift */ = {isa = PBXFileReference; lastKnownFileType = sourcecode.swift; path = NetworkError.swift; sourceTree = "<group>"; };
		0A51081423AADE8F00C19289 /* TransitionFromViewSegue.swift */ = {isa = PBXFileReference; fileEncoding = 4; lastKnownFileType = sourcecode.swift; path = TransitionFromViewSegue.swift; sourceTree = "<group>"; };
		0A51081723AADE8F00C19289 /* PresentWithAnimatorSegue.swift */ = {isa = PBXFileReference; fileEncoding = 4; lastKnownFileType = sourcecode.swift; path = PresentWithAnimatorSegue.swift; sourceTree = "<group>"; };
		0A59790323958380006F10FF /* FastRTPSBridge.xcodeproj */ = {isa = PBXFileReference; lastKnownFileType = "wrapper.pb-project"; name = FastRTPSBridge.xcodeproj; path = FastRTPSBridge/FastRTPSBridge.xcodeproj; sourceTree = "<group>"; };
		0A5CBC9B23675F410055131A /* SF-Pro-Display-Thin.otf */ = {isa = PBXFileReference; lastKnownFileType = file; path = "SF-Pro-Display-Thin.otf"; sourceTree = "<group>"; };
		0A5CBC9C23675F410055131A /* SF-Pro-Display-Light.otf */ = {isa = PBXFileReference; lastKnownFileType = file; path = "SF-Pro-Display-Light.otf"; sourceTree = "<group>"; };
		0A5CBC9D23675F410055131A /* SF-Pro-Display-Regular.otf */ = {isa = PBXFileReference; lastKnownFileType = file; path = "SF-Pro-Display-Regular.otf"; sourceTree = "<group>"; };
		0A5CBC9E23675F410055131A /* SF-Pro-Display-Bold.otf */ = {isa = PBXFileReference; lastKnownFileType = file; path = "SF-Pro-Display-Bold.otf"; sourceTree = "<group>"; };
		0A5CBC9F23675F410055131A /* SF-Pro-Display-Medium.otf */ = {isa = PBXFileReference; lastKnownFileType = file; path = "SF-Pro-Display-Medium.otf"; sourceTree = "<group>"; };
		0A5CBCA023675F410055131A /* SF-Pro-Display-Heavy.otf */ = {isa = PBXFileReference; lastKnownFileType = file; path = "SF-Pro-Display-Heavy.otf"; sourceTree = "<group>"; };
		0A5CBCA123675F410055131A /* SF-Pro-Display-Semibold.otf */ = {isa = PBXFileReference; lastKnownFileType = file; path = "SF-Pro-Display-Semibold.otf"; sourceTree = "<group>"; };
		0A5CBCA223675F410055131A /* SF-Pro-Display-Ultralight.otf */ = {isa = PBXFileReference; lastKnownFileType = file; path = "SF-Pro-Display-Ultralight.otf"; sourceTree = "<group>"; };
		0A5CBCA323675F410055131A /* SF-Pro-Display-Black.otf */ = {isa = PBXFileReference; lastKnownFileType = file; path = "SF-Pro-Display-Black.otf"; sourceTree = "<group>"; };
		0A7130B4236369EA00817593 /* TridentCockpit.app */ = {isa = PBXFileReference; explicitFileType = wrapper.application; includeInIndex = 0; path = TridentCockpit.app; sourceTree = BUILT_PRODUCTS_DIR; };
		0A7130C0236369EC00817593 /* Info.plist */ = {isa = PBXFileReference; lastKnownFileType = text.plist.xml; path = Info.plist; sourceTree = "<group>"; };
		0A7130C823636AF100817593 /* FlatButton.swift */ = {isa = PBXFileReference; fileEncoding = 4; lastKnownFileType = sourcecode.swift; path = FlatButton.swift; sourceTree = "<group>"; };
		0A7130CA23636AF100817593 /* Extensions.swift */ = {isa = PBXFileReference; fileEncoding = 4; lastKnownFileType = sourcecode.swift; path = Extensions.swift; sourceTree = "<group>"; };
		0A7130CB23636AF100817593 /* DisplayManager.swift */ = {isa = PBXFileReference; fileEncoding = 4; lastKnownFileType = sourcecode.swift; path = DisplayManager.swift; sourceTree = "<group>"; };
		0A7130CC23636AF100817593 /* VideoDecoder.swift */ = {isa = PBXFileReference; fileEncoding = 4; lastKnownFileType = sourcecode.swift; path = VideoDecoder.swift; sourceTree = "<group>"; };
		0A7130CD23636AF100817593 /* AppDelegate.swift */ = {isa = PBXFileReference; fileEncoding = 4; lastKnownFileType = sourcecode.swift; path = AppDelegate.swift; sourceTree = "<group>"; };
		0A7130CE23636AF100817593 /* FloatingViewProtocol.swift */ = {isa = PBXFileReference; fileEncoding = 4; lastKnownFileType = sourcecode.swift; path = FloatingViewProtocol.swift; sourceTree = "<group>"; };
		0A7130CF23636AF100817593 /* Preferences.swift */ = {isa = PBXFileReference; fileEncoding = 4; lastKnownFileType = sourcecode.swift; path = Preferences.swift; sourceTree = "<group>"; };
		0A7130D023636AF100817593 /* RovModelView.swift */ = {isa = PBXFileReference; fileEncoding = 4; lastKnownFileType = sourcecode.swift; path = RovModelView.swift; sourceTree = "<group>"; };
		0A7130D123636AF100817593 /* TridentControl.swift */ = {isa = PBXFileReference; fileEncoding = 4; lastKnownFileType = sourcecode.swift; path = TridentControl.swift; sourceTree = "<group>"; };
		0A7130D223636AF200817593 /* CameraControlView.swift */ = {isa = PBXFileReference; fileEncoding = 4; lastKnownFileType = sourcecode.swift; path = CameraControlView.swift; sourceTree = "<group>"; };
		0A7130D323636AF200817593 /* DiveViewController.swift */ = {isa = PBXFileReference; fileEncoding = 4; lastKnownFileType = sourcecode.swift; path = DiveViewController.swift; sourceTree = "<group>"; };
		0A7130E123636B0200817593 /* RovTopic.swift */ = {isa = PBXFileReference; fileEncoding = 4; lastKnownFileType = sourcecode.swift; path = RovTopic.swift; sourceTree = "<group>"; };
		0A7130E223636B0200817593 /* RovBarometer.swift */ = {isa = PBXFileReference; fileEncoding = 4; lastKnownFileType = sourcecode.swift; path = RovBarometer.swift; sourceTree = "<group>"; };
		0A7130E323636B0200817593 /* I2CStats.swift */ = {isa = PBXFileReference; fileEncoding = 4; lastKnownFileType = sourcecode.swift; path = I2CStats.swift; sourceTree = "<group>"; };
		0A7130E423636B0200817593 /* BatteryState.swift */ = {isa = PBXFileReference; fileEncoding = 4; lastKnownFileType = sourcecode.swift; path = BatteryState.swift; sourceTree = "<group>"; };
		0A7130E523636B0200817593 /* RovCameraObjectTrack.swift */ = {isa = PBXFileReference; fileEncoding = 4; lastKnownFileType = sourcecode.swift; path = RovCameraObjectTrack.swift; sourceTree = "<group>"; };
		0A7130E623636B0200817593 /* RovSafetyState.swift */ = {isa = PBXFileReference; fileEncoding = 4; lastKnownFileType = sourcecode.swift; path = RovSafetyState.swift; sourceTree = "<group>"; };
		0A7130E723636B0200817593 /* RovVector3.swift */ = {isa = PBXFileReference; fileEncoding = 4; lastKnownFileType = sourcecode.swift; path = RovVector3.swift; sourceTree = "<group>"; };
		0A7130E823636B0200817593 /* RovControlDescriptor.swift */ = {isa = PBXFileReference; fileEncoding = 4; lastKnownFileType = sourcecode.swift; path = RovControlDescriptor.swift; sourceTree = "<group>"; };
		0A7130E923636B0200817593 /* RovBeacon.swift */ = {isa = PBXFileReference; fileEncoding = 4; lastKnownFileType = sourcecode.swift; path = RovBeacon.swift; sourceTree = "<group>"; };
		0A7130EA23636B0200817593 /* RovQuaternion+extensions.swift */ = {isa = PBXFileReference; fileEncoding = 4; lastKnownFileType = sourcecode.swift; path = "RovQuaternion+extensions.swift"; sourceTree = "<group>"; };
		0A7130EB23636B0200817593 /* RovFuelgauge.swift */ = {isa = PBXFileReference; fileEncoding = 4; lastKnownFileType = sourcecode.swift; path = RovFuelgauge.swift; sourceTree = "<group>"; };
		0A7130EC23636B0200817593 /* RovFirmware.swift */ = {isa = PBXFileReference; fileEncoding = 4; lastKnownFileType = sourcecode.swift; path = RovFirmware.swift; sourceTree = "<group>"; };
		0A7130ED23636B0200817593 /* RovAttitude.swift */ = {isa = PBXFileReference; fileEncoding = 4; lastKnownFileType = sourcecode.swift; path = RovAttitude.swift; sourceTree = "<group>"; };
		0A7130EE23636B0200817593 /* RovCommon.swift */ = {isa = PBXFileReference; fileEncoding = 4; lastKnownFileType = sourcecode.swift; path = RovCommon.swift; sourceTree = "<group>"; };
		0A7130EF23636B0200817593 /* RovTridentControlTarget.swift */ = {isa = PBXFileReference; fileEncoding = 4; lastKnownFileType = sourcecode.swift; path = RovTridentControlTarget.swift; sourceTree = "<group>"; };
		0A7130F023636B0200817593 /* RovPoint.swift */ = {isa = PBXFileReference; fileEncoding = 4; lastKnownFileType = sourcecode.swift; path = RovPoint.swift; sourceTree = "<group>"; };
		0A7130F123636B0200817593 /* RovTridentMotorCommand.swift */ = {isa = PBXFileReference; fileEncoding = 4; lastKnownFileType = sourcecode.swift; path = RovTridentMotorCommand.swift; sourceTree = "<group>"; };
		0A7130F223636B0200817593 /* RovTemperature.swift */ = {isa = PBXFileReference; fileEncoding = 4; lastKnownFileType = sourcecode.swift; path = RovTemperature.swift; sourceTree = "<group>"; };
		0A7130F323636B0200817593 /* RovDepth.swift */ = {isa = PBXFileReference; fileEncoding = 4; lastKnownFileType = sourcecode.swift; path = RovDepth.swift; sourceTree = "<group>"; };
		0A7130F423636B0200817593 /* RovQuaternion.swift */ = {isa = PBXFileReference; fileEncoding = 4; lastKnownFileType = sourcecode.swift; path = RovQuaternion.swift; sourceTree = "<group>"; };
		0A7130F523636B0200817593 /* RovControllerStatus.swift */ = {isa = PBXFileReference; fileEncoding = 4; lastKnownFileType = sourcecode.swift; path = RovControllerStatus.swift; sourceTree = "<group>"; };
		0A7130F623636B0200817593 /* DDSTypeString.swift */ = {isa = PBXFileReference; fileEncoding = 4; lastKnownFileType = sourcecode.swift; path = DDSTypeString.swift; sourceTree = "<group>"; };
		0A7130F723636B0200817593 /* RovRecording.swift */ = {isa = PBXFileReference; fileEncoding = 4; lastKnownFileType = sourcecode.swift; path = RovRecording.swift; sourceTree = "<group>"; };
		0A7130F823636B0200817593 /* RovVideoData.swift */ = {isa = PBXFileReference; fileEncoding = 4; lastKnownFileType = sourcecode.swift; path = RovVideoData.swift; sourceTree = "<group>"; };
		0A7130F923636B0200817593 /* RovSubsystemStatus.swift */ = {isa = PBXFileReference; fileEncoding = 4; lastKnownFileType = sourcecode.swift; path = RovSubsystemStatus.swift; sourceTree = "<group>"; };
		0A7130FA23636B0200817593 /* RovChannel.swift */ = {isa = PBXFileReference; fileEncoding = 4; lastKnownFileType = sourcecode.swift; path = RovChannel.swift; sourceTree = "<group>"; };
		0A7130FB23636B0200817593 /* RovCamera.swift */ = {isa = PBXFileReference; fileEncoding = 4; lastKnownFileType = sourcecode.swift; path = RovCamera.swift; sourceTree = "<group>"; };
		0A7130FC23636B0200817593 /* RovLightPower.swift */ = {isa = PBXFileReference; fileEncoding = 4; lastKnownFileType = sourcecode.swift; path = RovLightPower.swift; sourceTree = "<group>"; };
		0A71311923636B1700817593 /* Main.storyboard */ = {isa = PBXFileReference; fileEncoding = 4; lastKnownFileType = file.storyboard; path = Main.storyboard; sourceTree = "<group>"; };
		0A71311B23636B5C00817593 /* TridentCockpit.scnassets */ = {isa = PBXFileReference; lastKnownFileType = wrapper.scnassets; path = TridentCockpit.scnassets; sourceTree = "<group>"; };
		0A71313A23637F0700817593 /* FastRTPS.swift */ = {isa = PBXFileReference; lastKnownFileType = sourcecode.swift; path = FastRTPS.swift; sourceTree = "<group>"; };
		0A82780023A63B220039A774 /* DashboardViewController.swift */ = {isa = PBXFileReference; lastKnownFileType = sourcecode.swift; path = DashboardViewController.swift; sourceTree = "<group>"; };
		0A82780B23A63B2D0039A774 /* WindowController.swift */ = {isa = PBXFileReference; lastKnownFileType = sourcecode.swift; path = WindowController.swift; sourceTree = "<group>"; };
		0A82780F23A641230039A774 /* PastDivesViewController.swift */ = {isa = PBXFileReference; fileEncoding = 4; lastKnownFileType = sourcecode.swift; path = PastDivesViewController.swift; sourceTree = "<group>"; };
		0A82781123A641750039A774 /* MaintenanceViewController.swift */ = {isa = PBXFileReference; lastKnownFileType = sourcecode.swift; path = MaintenanceViewController.swift; sourceTree = "<group>"; };
		0A82781323A689E70039A774 /* ToolbarItemIdentifier.swift */ = {isa = PBXFileReference; lastKnownFileType = sourcecode.swift; path = ToolbarItemIdentifier.swift; sourceTree = "<group>"; };
		0A84F9CD237B37BF009BBAD4 /* SetupNotifications.swift */ = {isa = PBXFileReference; lastKnownFileType = sourcecode.swift; path = SetupNotifications.swift; sourceTree = "<group>"; };
		0AF69DF123A600FA0037DBDD /* SwiftSH.xcodeproj */ = {isa = PBXFileReference; lastKnownFileType = "wrapper.pb-project"; name = SwiftSH.xcodeproj; path = SwiftSH/SwiftSH.xcodeproj; sourceTree = "<group>"; };
/* End PBXFileReference section */

/* Begin PBXFrameworksBuildPhase section */
		0A7130B1236369EA00817593 /* Frameworks */ = {
			isa = PBXFrameworksBuildPhase;
			buildActionMask = 2147483647;
			files = (
				0A3FD1EF23A8D50000FE9918 /* CircularProgress in Frameworks */,
				0A3FD20623A97B6D00FE9918 /* PromiseKit in Frameworks */,
				0A59790F239583AB006F10FF /* FastRTPSBridge.framework in Frameworks */,
				0AF69E0323A601220037DBDD /* SwiftSH.framework in Frameworks */,
				0AF69E0723A603AF0037DBDD /* Moya in Frameworks */,
			);
			runOnlyForDeploymentPostprocessing = 0;
		};
/* End PBXFrameworksBuildPhase section */

/* Begin PBXGroup section */
		0A3FD1F023A9439100FE9918 /* Networking */ = {
			isa = PBXGroup;
			children = (
				0A3FD20223A97A3500FE9918 /* RestProvider.swift */,
				0A5107DA23AA807D00C19289 /* NetworkError.swift */,
				0A3FD1F323A94A5B00FE9918 /* WifiServiceAPI.swift */,
				0A3FD1F123A9443E00FE9918 /* ResinAPI.swift */,
				0A3FD1F523A94FAC00FE9918 /* RecordingsAPI.swift */,
				0A71313A23637F0700817593 /* FastRTPS.swift */,
			);
			path = Networking;
			sourceTree = "<group>";
		};
		0A3FD1F723A9720200FE9918 /* APIModel */ = {
			isa = PBXGroup;
			children = (
				0A3FD1F823A9723E00FE9918 /* APIVersion.swift */,
				0A3FD1FA23A9726200FE9918 /* DeviceState.swift */,
				0A3FD1FC23A9729800FE9918 /* SSIDInfo.swift */,
				0A3FD1FE23A972B900FE9918 /* ConnectionInfo.swift */,
				0A3FD20023A9735300FE9918 /* AppInfo.swift */,
			);
			path = APIModel;
			sourceTree = "<group>";
		};
		0A51080E23AADE8F00C19289 /* CustomSegue */ = {
			isa = PBXGroup;
			children = (
				0A51081723AADE8F00C19289 /* PresentWithAnimatorSegue.swift */,
				0A51081423AADE8F00C19289 /* TransitionFromViewSegue.swift */,
			);
			path = CustomSegue;
			sourceTree = "<group>";
		};
		0A59790423958380006F10FF /* Products */ = {
			isa = PBXGroup;
			children = (
				0A59790B23958380006F10FF /* FastRTPSBridge.framework */,
				0A59790D23958380006F10FF /* FastRTPSBridge.framework */,
			);
			name = Products;
			sourceTree = "<group>";
		};
		0A59790E239583AB006F10FF /* Frameworks */ = {
			isa = PBXGroup;
			children = (
			);
			name = Frameworks;
			sourceTree = "<group>";
		};
		0A5CBC992367507F0055131A /* ThirdParty */ = {
			isa = PBXGroup;
			children = (
				0A51080E23AADE8F00C19289 /* CustomSegue */,
				0A7130C823636AF100817593 /* FlatButton.swift */,
			);
			path = ThirdParty;
			sourceTree = "<group>";
		};
		0A5CBC9A23675F410055131A /* Fonts */ = {
			isa = PBXGroup;
			children = (
				0A5CBC9B23675F410055131A /* SF-Pro-Display-Thin.otf */,
				0A5CBC9C23675F410055131A /* SF-Pro-Display-Light.otf */,
				0A5CBC9D23675F410055131A /* SF-Pro-Display-Regular.otf */,
				0A5CBC9E23675F410055131A /* SF-Pro-Display-Bold.otf */,
				0A5CBC9F23675F410055131A /* SF-Pro-Display-Medium.otf */,
				0A5CBCA023675F410055131A /* SF-Pro-Display-Heavy.otf */,
				0A5CBCA123675F410055131A /* SF-Pro-Display-Semibold.otf */,
				0A5CBCA223675F410055131A /* SF-Pro-Display-Ultralight.otf */,
				0A5CBCA323675F410055131A /* SF-Pro-Display-Black.otf */,
			);
			path = Fonts;
			sourceTree = "<group>";
		};
		0A7130AB236369EA00817593 = {
			isa = PBXGroup;
			children = (
				0AF69DF123A600FA0037DBDD /* SwiftSH.xcodeproj */,
				0A59790323958380006F10FF /* FastRTPSBridge.xcodeproj */,
				0A7130B6236369EA00817593 /* TridentCockpit */,
				0A5CBC9A23675F410055131A /* Fonts */,
				0A7130B5236369EA00817593 /* Products */,
				0A59790E239583AB006F10FF /* Frameworks */,
			);
			sourceTree = "<group>";
		};
		0A7130B5236369EA00817593 /* Products */ = {
			isa = PBXGroup;
			children = (
				0A7130B4236369EA00817593 /* TridentCockpit.app */,
			);
			name = Products;
			sourceTree = "<group>";
		};
		0A7130B6236369EA00817593 /* TridentCockpit */ = {
			isa = PBXGroup;
			children = (
				0A7130CD23636AF100817593 /* AppDelegate.swift */,
				0A7130D323636AF200817593 /* DiveViewController.swift */,
				0A82780023A63B220039A774 /* DashboardViewController.swift */,
				0A84F9CD237B37BF009BBAD4 /* SetupNotifications.swift */,
				0A82781123A641750039A774 /* MaintenanceViewController.swift */,
				0A82780F23A641230039A774 /* PastDivesViewController.swift */,
				0A82781323A689E70039A774 /* ToolbarItemIdentifier.swift */,
				0A82780B23A63B2D0039A774 /* WindowController.swift */,
				0A7130D123636AF100817593 /* TridentControl.swift */,
				0A2E42BB236B0EE900B5C569 /* VideoView.swift */,
				0A7130CC23636AF100817593 /* VideoDecoder.swift */,
				0A7130D223636AF200817593 /* CameraControlView.swift */,
				0A7130CB23636AF100817593 /* DisplayManager.swift */,
				0A7130CA23636AF100817593 /* Extensions.swift */,
				0A7130CE23636AF100817593 /* FloatingViewProtocol.swift */,
				0A7130CF23636AF100817593 /* Preferences.swift */,
				0A7130D023636AF100817593 /* RovModelView.swift */,
				0A3FD1F023A9439100FE9918 /* Networking */,
				0A3FD1F723A9720200FE9918 /* APIModel */,
				0A7130E023636B0200817593 /* DDSModel */,
				0A5CBC992367507F0055131A /* ThirdParty */,
				0A71311B23636B5C00817593 /* TridentCockpit.scnassets */,
				0A2FF3112363A0BD008FD68B /* Assets.xcassets */,
				0A7130C0236369EC00817593 /* Info.plist */,
				0A71311923636B1700817593 /* Main.storyboard */,
				0A2FF3122363A13B008FD68B /* TridentCockpit.entitlements */,
			);
			path = TridentCockpit;
			sourceTree = "<group>";
		};
		0A7130E023636B0200817593 /* DDSModel */ = {
			isa = PBXGroup;
			children = (
				0A7130E123636B0200817593 /* RovTopic.swift */,
				0A7130E223636B0200817593 /* RovBarometer.swift */,
				0A7130E323636B0200817593 /* I2CStats.swift */,
				0A7130E423636B0200817593 /* BatteryState.swift */,
				0A7130E523636B0200817593 /* RovCameraObjectTrack.swift */,
				0A7130E623636B0200817593 /* RovSafetyState.swift */,
				0A7130E723636B0200817593 /* RovVector3.swift */,
				0A7130E823636B0200817593 /* RovControlDescriptor.swift */,
				0A7130E923636B0200817593 /* RovBeacon.swift */,
				0A7130EA23636B0200817593 /* RovQuaternion+extensions.swift */,
				0A7130EB23636B0200817593 /* RovFuelgauge.swift */,
				0A7130EC23636B0200817593 /* RovFirmware.swift */,
				0A7130ED23636B0200817593 /* RovAttitude.swift */,
				0A7130EE23636B0200817593 /* RovCommon.swift */,
				0A7130EF23636B0200817593 /* RovTridentControlTarget.swift */,
				0A7130F023636B0200817593 /* RovPoint.swift */,
				0A7130F123636B0200817593 /* RovTridentMotorCommand.swift */,
				0A7130F223636B0200817593 /* RovTemperature.swift */,
				0A7130F323636B0200817593 /* RovDepth.swift */,
				0A7130F423636B0200817593 /* RovQuaternion.swift */,
				0A7130F523636B0200817593 /* RovControllerStatus.swift */,
				0A7130F623636B0200817593 /* DDSTypeString.swift */,
				0A7130F723636B0200817593 /* RovRecording.swift */,
				0A7130F823636B0200817593 /* RovVideoData.swift */,
				0A7130F923636B0200817593 /* RovSubsystemStatus.swift */,
				0A7130FA23636B0200817593 /* RovChannel.swift */,
				0A7130FB23636B0200817593 /* RovCamera.swift */,
				0A7130FC23636B0200817593 /* RovLightPower.swift */,
			);
			path = DDSModel;
			sourceTree = "<group>";
		};
		0AF69DF223A600FA0037DBDD /* Products */ = {
			isa = PBXGroup;
			children = (
				0AF69DFE23A600FA0037DBDD /* SwiftSH.framework */,
				0AF69E0023A600FA0037DBDD /* SwiftSH.framework */,
				0AF69E0223A600FA0037DBDD /* SwiftSH Integration Tests.xctest */,
			);
			name = Products;
			sourceTree = "<group>";
		};
/* End PBXGroup section */

/* Begin PBXNativeTarget section */
		0A7130B3236369EA00817593 /* TridentCockpit */ = {
			isa = PBXNativeTarget;
			buildConfigurationList = 0A7130C4236369EC00817593 /* Build configuration list for PBXNativeTarget "TridentCockpit" */;
			buildPhases = (
				0A7130B0236369EA00817593 /* Sources */,
				0A7130B1236369EA00817593 /* Frameworks */,
				0A7130B2236369EA00817593 /* Resources */,
				0AD99392236703FC00D037A3 /* Embed Frameworks */,
				0A5CBCAD23675F740055131A /* CopyFiles */,
			);
			buildRules = (
			);
			dependencies = (
			);
			name = TridentCockpit;
			packageProductDependencies = (
				0AF69E0623A603AF0037DBDD /* Moya */,
				0A3FD1EE23A8D50000FE9918 /* CircularProgress */,
				0A3FD20523A97B6D00FE9918 /* PromiseKit */,
			);
			productName = TridentCockpit;
			productReference = 0A7130B4236369EA00817593 /* TridentCockpit.app */;
			productType = "com.apple.product-type.application";
		};
/* End PBXNativeTarget section */

/* Begin PBXProject section */
		0A7130AC236369EA00817593 /* Project object */ = {
			isa = PBXProject;
			attributes = {
				LastSwiftUpdateCheck = 1110;
				LastUpgradeCheck = 1120;
				ORGANIZATIONNAME = "Dmitriy Borovikov";
				TargetAttributes = {
					0A7130B3236369EA00817593 = {
						CreatedOnToolsVersion = 11.1;
						LastSwiftMigration = 1110;
					};
				};
			};
			buildConfigurationList = 0A7130AF236369EA00817593 /* Build configuration list for PBXProject "TridentCockpit" */;
			compatibilityVersion = "Xcode 9.3";
			developmentRegion = en;
			hasScannedForEncodings = 0;
			knownRegions = (
				en,
				Base,
			);
			mainGroup = 0A7130AB236369EA00817593;
			packageReferences = (
				0AF69E0523A603AF0037DBDD /* XCRemoteSwiftPackageReference "Moya" */,
				0A3FD1ED23A8D50000FE9918 /* XCRemoteSwiftPackageReference "CircularProgress" */,
				0A3FD20423A97B6D00FE9918 /* XCRemoteSwiftPackageReference "PromiseKit" */,
			);
			productRefGroup = 0A7130B5236369EA00817593 /* Products */;
			projectDirPath = "";
			projectReferences = (
				{
					ProductGroup = 0A59790423958380006F10FF /* Products */;
					ProjectRef = 0A59790323958380006F10FF /* FastRTPSBridge.xcodeproj */;
				},
				{
					ProductGroup = 0AF69DF223A600FA0037DBDD /* Products */;
					ProjectRef = 0AF69DF123A600FA0037DBDD /* SwiftSH.xcodeproj */;
				},
			);
			projectRoot = "";
			targets = (
				0A7130B3236369EA00817593 /* TridentCockpit */,
			);
		};
/* End PBXProject section */

/* Begin PBXReferenceProxy section */
		0A59790B23958380006F10FF /* FastRTPSBridge.framework */ = {
			isa = PBXReferenceProxy;
			fileType = wrapper.framework;
			path = FastRTPSBridge.framework;
			remoteRef = 0A59790A23958380006F10FF /* PBXContainerItemProxy */;
			sourceTree = BUILT_PRODUCTS_DIR;
		};
		0A59790D23958380006F10FF /* FastRTPSBridge.framework */ = {
			isa = PBXReferenceProxy;
			fileType = wrapper.framework;
			path = FastRTPSBridge.framework;
			remoteRef = 0A59790C23958380006F10FF /* PBXContainerItemProxy */;
			sourceTree = BUILT_PRODUCTS_DIR;
		};
		0AF69DFE23A600FA0037DBDD /* SwiftSH.framework */ = {
			isa = PBXReferenceProxy;
			fileType = wrapper.framework;
			path = SwiftSH.framework;
			remoteRef = 0AF69DFD23A600FA0037DBDD /* PBXContainerItemProxy */;
			sourceTree = BUILT_PRODUCTS_DIR;
		};
		0AF69E0023A600FA0037DBDD /* SwiftSH.framework */ = {
			isa = PBXReferenceProxy;
			fileType = wrapper.framework;
			path = SwiftSH.framework;
			remoteRef = 0AF69DFF23A600FA0037DBDD /* PBXContainerItemProxy */;
			sourceTree = BUILT_PRODUCTS_DIR;
		};
		0AF69E0223A600FA0037DBDD /* SwiftSH Integration Tests.xctest */ = {
			isa = PBXReferenceProxy;
			fileType = wrapper.cfbundle;
			path = "SwiftSH Integration Tests.xctest";
			remoteRef = 0AF69E0123A600FA0037DBDD /* PBXContainerItemProxy */;
			sourceTree = BUILT_PRODUCTS_DIR;
		};
/* End PBXReferenceProxy section */

/* Begin PBXResourcesBuildPhase section */
		0A7130B2236369EA00817593 /* Resources */ = {
			isa = PBXResourcesBuildPhase;
			buildActionMask = 2147483647;
			files = (
				0A71311A23636B1700817593 /* Main.storyboard in Resources */,
				0A2FF3162363A1DB008FD68B /* Assets.xcassets in Resources */,
				0A71311C23636B5C00817593 /* TridentCockpit.scnassets in Resources */,
			);
			runOnlyForDeploymentPostprocessing = 0;
		};
/* End PBXResourcesBuildPhase section */

/* Begin PBXSourcesBuildPhase section */
		0A7130B0236369EA00817593 /* Sources */ = {
			isa = PBXSourcesBuildPhase;
			buildActionMask = 2147483647;
			files = (
				0A51082023AADE8F00C19289 /* PresentWithAnimatorSegue.swift in Sources */,
				0A71310A23636B0200817593 /* RovCommon.swift in Sources */,
				0A7130D923636AF200817593 /* AppDelegate.swift in Sources */,
				0A71310C23636B0200817593 /* RovPoint.swift in Sources */,
				0A71311523636B0200817593 /* RovSubsystemStatus.swift in Sources */,
				0A71310923636B0200817593 /* RovAttitude.swift in Sources */,
				0A71313B23637F0700817593 /* FastRTPS.swift in Sources */,
				0A84F9CE237B37BF009BBAD4 /* SetupNotifications.swift in Sources */,
				0A71311623636B0200817593 /* RovChannel.swift in Sources */,
				0A7130FF23636B0200817593 /* I2CStats.swift in Sources */,
				0A7130DC23636AF200817593 /* RovModelView.swift in Sources */,
				0A7130DF23636AF200817593 /* DiveViewController.swift in Sources */,
				0A71310523636B0200817593 /* RovBeacon.swift in Sources */,
				0A7130DD23636AF200817593 /* TridentControl.swift in Sources */,
				0A3FD1FB23A9726200FE9918 /* DeviceState.swift in Sources */,
				0A71310723636B0200817593 /* RovFuelgauge.swift in Sources */,
				0A71311023636B0200817593 /* RovQuaternion.swift in Sources */,
				0A7130D723636AF200817593 /* DisplayManager.swift in Sources */,
				0A7130FD23636B0200817593 /* RovTopic.swift in Sources */,
				0A7130DA23636AF200817593 /* FloatingViewProtocol.swift in Sources */,
				0A3FD1F923A9723E00FE9918 /* APIVersion.swift in Sources */,
				0A82780A23A63B220039A774 /* DashboardViewController.swift in Sources */,
				0A3FD1FF23A972BA00FE9918 /* ConnectionInfo.swift in Sources */,
				0A71310023636B0200817593 /* BatteryState.swift in Sources */,
				0A7130D623636AF200817593 /* Extensions.swift in Sources */,
				0A7130DE23636AF200817593 /* CameraControlView.swift in Sources */,
				0A71310123636B0200817593 /* RovCameraObjectTrack.swift in Sources */,
				0A71310223636B0200817593 /* RovSafetyState.swift in Sources */,
				0A71310823636B0200817593 /* RovFirmware.swift in Sources */,
				0A71311423636B0200817593 /* RovVideoData.swift in Sources */,
				0A71310623636B0200817593 /* RovQuaternion+extensions.swift in Sources */,
				0A71311223636B0200817593 /* DDSTypeString.swift in Sources */,
				0A3FD1F423A94A5B00FE9918 /* WifiServiceAPI.swift in Sources */,
				0A71311723636B0200817593 /* RovCamera.swift in Sources */,
				0A82781223A641750039A774 /* MaintenanceViewController.swift in Sources */,
				0A71310F23636B0200817593 /* RovDepth.swift in Sources */,
				0A82780C23A63B2D0039A774 /* WindowController.swift in Sources */,
				0A3FD20123A9735300FE9918 /* AppInfo.swift in Sources */,
				0A3FD1FD23A9729800FE9918 /* SSIDInfo.swift in Sources */,
				0A71311323636B0200817593 /* RovRecording.swift in Sources */,
				0A71310D23636B0200817593 /* RovTridentMotorCommand.swift in Sources */,
				0A82781023A641230039A774 /* PastDivesViewController.swift in Sources */,
				0A7130D823636AF200817593 /* VideoDecoder.swift in Sources */,
				0A3FD1F223A9443E00FE9918 /* ResinAPI.swift in Sources */,
				0A71310323636B0200817593 /* RovVector3.swift in Sources */,
				0A5107DC23AA85B000C19289 /* RestProvider.swift in Sources */,
				0A71310423636B0200817593 /* RovControlDescriptor.swift in Sources */,
				0A71311123636B0200817593 /* RovControllerStatus.swift in Sources */,
				0A71311823636B0200817593 /* RovLightPower.swift in Sources */,
				0A2E42BC236B0EE900B5C569 /* VideoView.swift in Sources */,
				0A7130DB23636AF200817593 /* Preferences.swift in Sources */,
				0A3FD1F623A94FAC00FE9918 /* RecordingsAPI.swift in Sources */,
				0A71310E23636B0200817593 /* RovTemperature.swift in Sources */,
				0A7130D423636AF200817593 /* FlatButton.swift in Sources */,
				0A7130FE23636B0200817593 /* RovBarometer.swift in Sources */,
				0A5107DB23AA807D00C19289 /* NetworkError.swift in Sources */,
				0A82781423A689E70039A774 /* ToolbarItemIdentifier.swift in Sources */,
				0A71310B23636B0200817593 /* RovTridentControlTarget.swift in Sources */,
			);
			runOnlyForDeploymentPostprocessing = 0;
		};
/* End PBXSourcesBuildPhase section */

/* Begin XCBuildConfiguration section */
		0A7130C2236369EC00817593 /* Debug */ = {
			isa = XCBuildConfiguration;
			buildSettings = {
				ALWAYS_SEARCH_USER_PATHS = NO;
				CLANG_ANALYZER_NONNULL = YES;
				CLANG_ANALYZER_NUMBER_OBJECT_CONVERSION = YES_AGGRESSIVE;
				CLANG_CXX_LANGUAGE_STANDARD = "gnu++14";
				CLANG_CXX_LIBRARY = "libc++";
				CLANG_ENABLE_MODULES = YES;
				CLANG_ENABLE_OBJC_ARC = YES;
				CLANG_ENABLE_OBJC_WEAK = YES;
				CLANG_WARN_BLOCK_CAPTURE_AUTORELEASING = YES;
				CLANG_WARN_BOOL_CONVERSION = YES;
				CLANG_WARN_COMMA = YES;
				CLANG_WARN_CONSTANT_CONVERSION = YES;
				CLANG_WARN_DEPRECATED_OBJC_IMPLEMENTATIONS = YES;
				CLANG_WARN_DIRECT_OBJC_ISA_USAGE = YES_ERROR;
				CLANG_WARN_DOCUMENTATION_COMMENTS = YES;
				CLANG_WARN_EMPTY_BODY = YES;
				CLANG_WARN_ENUM_CONVERSION = YES;
				CLANG_WARN_INFINITE_RECURSION = YES;
				CLANG_WARN_INT_CONVERSION = YES;
				CLANG_WARN_NON_LITERAL_NULL_CONVERSION = YES;
				CLANG_WARN_OBJC_IMPLICIT_RETAIN_SELF = YES;
				CLANG_WARN_OBJC_LITERAL_CONVERSION = YES;
				CLANG_WARN_OBJC_ROOT_CLASS = YES_ERROR;
				CLANG_WARN_RANGE_LOOP_ANALYSIS = YES;
				CLANG_WARN_STRICT_PROTOTYPES = YES;
				CLANG_WARN_SUSPICIOUS_MOVE = YES;
				CLANG_WARN_UNGUARDED_AVAILABILITY = YES_AGGRESSIVE;
				CLANG_WARN_UNREACHABLE_CODE = YES;
				CLANG_WARN__DUPLICATE_METHOD_MATCH = YES;
				COPY_PHASE_STRIP = NO;
				DEBUG_INFORMATION_FORMAT = dwarf;
				ENABLE_STRICT_OBJC_MSGSEND = YES;
				ENABLE_TESTABILITY = YES;
				GCC_C_LANGUAGE_STANDARD = gnu11;
				GCC_DYNAMIC_NO_PIC = NO;
				GCC_NO_COMMON_BLOCKS = YES;
				GCC_OPTIMIZATION_LEVEL = 0;
				GCC_PREPROCESSOR_DEFINITIONS = (
					"DEBUG=1",
					"$(inherited)",
				);
				GCC_WARN_64_TO_32_BIT_CONVERSION = YES;
				GCC_WARN_ABOUT_RETURN_TYPE = YES_ERROR;
				GCC_WARN_UNDECLARED_SELECTOR = YES;
				GCC_WARN_UNINITIALIZED_AUTOS = YES_AGGRESSIVE;
				GCC_WARN_UNUSED_FUNCTION = YES;
				GCC_WARN_UNUSED_VARIABLE = YES;
				MACOSX_DEPLOYMENT_TARGET = 10.13;
				MTL_ENABLE_DEBUG_INFO = INCLUDE_SOURCE;
				MTL_FAST_MATH = YES;
				ONLY_ACTIVE_ARCH = YES;
				SDKROOT = macosx;
				SWIFT_ACTIVE_COMPILATION_CONDITIONS = DEBUG;
				SWIFT_OPTIMIZATION_LEVEL = "-Onone";
			};
			name = Debug;
		};
		0A7130C3236369EC00817593 /* Release */ = {
			isa = XCBuildConfiguration;
			buildSettings = {
				ALWAYS_SEARCH_USER_PATHS = NO;
				CLANG_ANALYZER_NONNULL = YES;
				CLANG_ANALYZER_NUMBER_OBJECT_CONVERSION = YES_AGGRESSIVE;
				CLANG_CXX_LANGUAGE_STANDARD = "gnu++14";
				CLANG_CXX_LIBRARY = "libc++";
				CLANG_ENABLE_MODULES = YES;
				CLANG_ENABLE_OBJC_ARC = YES;
				CLANG_ENABLE_OBJC_WEAK = YES;
				CLANG_WARN_BLOCK_CAPTURE_AUTORELEASING = YES;
				CLANG_WARN_BOOL_CONVERSION = YES;
				CLANG_WARN_COMMA = YES;
				CLANG_WARN_CONSTANT_CONVERSION = YES;
				CLANG_WARN_DEPRECATED_OBJC_IMPLEMENTATIONS = YES;
				CLANG_WARN_DIRECT_OBJC_ISA_USAGE = YES_ERROR;
				CLANG_WARN_DOCUMENTATION_COMMENTS = YES;
				CLANG_WARN_EMPTY_BODY = YES;
				CLANG_WARN_ENUM_CONVERSION = YES;
				CLANG_WARN_INFINITE_RECURSION = YES;
				CLANG_WARN_INT_CONVERSION = YES;
				CLANG_WARN_NON_LITERAL_NULL_CONVERSION = YES;
				CLANG_WARN_OBJC_IMPLICIT_RETAIN_SELF = YES;
				CLANG_WARN_OBJC_LITERAL_CONVERSION = YES;
				CLANG_WARN_OBJC_ROOT_CLASS = YES_ERROR;
				CLANG_WARN_RANGE_LOOP_ANALYSIS = YES;
				CLANG_WARN_STRICT_PROTOTYPES = YES;
				CLANG_WARN_SUSPICIOUS_MOVE = YES;
				CLANG_WARN_UNGUARDED_AVAILABILITY = YES_AGGRESSIVE;
				CLANG_WARN_UNREACHABLE_CODE = YES;
				CLANG_WARN__DUPLICATE_METHOD_MATCH = YES;
				COPY_PHASE_STRIP = NO;
				DEBUG_INFORMATION_FORMAT = "dwarf-with-dsym";
				ENABLE_NS_ASSERTIONS = NO;
				ENABLE_STRICT_OBJC_MSGSEND = YES;
				GCC_C_LANGUAGE_STANDARD = gnu11;
				GCC_NO_COMMON_BLOCKS = YES;
				GCC_WARN_64_TO_32_BIT_CONVERSION = YES;
				GCC_WARN_ABOUT_RETURN_TYPE = YES_ERROR;
				GCC_WARN_UNDECLARED_SELECTOR = YES;
				GCC_WARN_UNINITIALIZED_AUTOS = YES_AGGRESSIVE;
				GCC_WARN_UNUSED_FUNCTION = YES;
				GCC_WARN_UNUSED_VARIABLE = YES;
				MACOSX_DEPLOYMENT_TARGET = 10.13;
				MTL_ENABLE_DEBUG_INFO = NO;
				MTL_FAST_MATH = YES;
				SDKROOT = macosx;
				SWIFT_COMPILATION_MODE = wholemodule;
				SWIFT_OPTIMIZATION_LEVEL = "-O";
			};
			name = Release;
		};
		0A7130C5236369EC00817593 /* Debug */ = {
			isa = XCBuildConfiguration;
			buildSettings = {
				ASSETCATALOG_COMPILER_APPICON_NAME = AppIcon;
				CLANG_ENABLE_MODULES = YES;
				CODE_SIGN_ENTITLEMENTS = TridentCockpit/TridentCockpit.entitlements;
				CODE_SIGN_IDENTITY = "Apple Development";
				CODE_SIGN_STYLE = Automatic;
				COMBINE_HIDPI_IMAGES = YES;
				DEVELOPMENT_TEAM = 9BEQ8V4XH9;
				ENABLE_HARDENED_RUNTIME = YES;
				FRAMEWORK_SEARCH_PATHS = (
					"$(inherited)",
					"$(PROJECT_DIR)",
				);
				INFOPLIST_FILE = TridentCockpit/Info.plist;
				LD_RUNPATH_SEARCH_PATHS = (
					"$(inherited)",
					"@executable_path/../Frameworks",
				);
				MACOSX_DEPLOYMENT_TARGET = 10.13;
				MARKETING_VERSION = 1.0.0;
				OTHER_CODE_SIGN_FLAGS = "--deep";
				PRODUCT_BUNDLE_IDENTIFIER = in.ioshack.TridentCockpit;
				PRODUCT_NAME = "$(TARGET_NAME)";
				SWIFT_OPTIMIZATION_LEVEL = "-Onone";
				SWIFT_VERSION = 5.0;
			};
			name = Debug;
		};
		0A7130C6236369EC00817593 /* Release */ = {
			isa = XCBuildConfiguration;
			buildSettings = {
				ASSETCATALOG_COMPILER_APPICON_NAME = AppIcon;
				CLANG_ENABLE_MODULES = YES;
				CODE_SIGN_ENTITLEMENTS = TridentCockpit/TridentCockpit.entitlements;
				CODE_SIGN_IDENTITY = "Apple Development";
				CODE_SIGN_STYLE = Automatic;
				COMBINE_HIDPI_IMAGES = YES;
				DEVELOPMENT_TEAM = 9BEQ8V4XH9;
				ENABLE_HARDENED_RUNTIME = YES;
				FRAMEWORK_SEARCH_PATHS = (
					"$(inherited)",
					"$(PROJECT_DIR)",
				);
				INFOPLIST_FILE = TridentCockpit/Info.plist;
				LD_RUNPATH_SEARCH_PATHS = (
					"$(inherited)",
					"@executable_path/../Frameworks",
				);
				MACOSX_DEPLOYMENT_TARGET = 10.13;
				MARKETING_VERSION = 1.0.0;
				OTHER_CODE_SIGN_FLAGS = "--deep";
				PRODUCT_BUNDLE_IDENTIFIER = in.ioshack.TridentCockpit;
				PRODUCT_NAME = "$(TARGET_NAME)";
				SWIFT_VERSION = 5.0;
			};
			name = Release;
		};
/* End XCBuildConfiguration section */

/* Begin XCConfigurationList section */
		0A7130AF236369EA00817593 /* Build configuration list for PBXProject "TridentCockpit" */ = {
			isa = XCConfigurationList;
			buildConfigurations = (
				0A7130C2236369EC00817593 /* Debug */,
				0A7130C3236369EC00817593 /* Release */,
			);
			defaultConfigurationIsVisible = 0;
			defaultConfigurationName = Release;
		};
		0A7130C4236369EC00817593 /* Build configuration list for PBXNativeTarget "TridentCockpit" */ = {
			isa = XCConfigurationList;
			buildConfigurations = (
				0A7130C5236369EC00817593 /* Debug */,
				0A7130C6236369EC00817593 /* Release */,
			);
			defaultConfigurationIsVisible = 0;
			defaultConfigurationName = Release;
		};
/* End XCConfigurationList section */

/* Begin XCRemoteSwiftPackageReference section */
		0A3FD1ED23A8D50000FE9918 /* XCRemoteSwiftPackageReference "CircularProgress" */ = {
			isa = XCRemoteSwiftPackageReference;
			repositoryURL = "https://github.com/sindresorhus/CircularProgress.git";
			requirement = {
				kind = upToNextMajorVersion;
				minimumVersion = 2.0.0;
			};
		};
		0A3FD20423A97B6D00FE9918 /* XCRemoteSwiftPackageReference "PromiseKit" */ = {
			isa = XCRemoteSwiftPackageReference;
			repositoryURL = "git@github.com:mxcl/PromiseKit.git";
			requirement = {
				kind = upToNextMajorVersion;
				minimumVersion = 6.12.0;
			};
		};
		0AF69E0523A603AF0037DBDD /* XCRemoteSwiftPackageReference "Moya" */ = {
			isa = XCRemoteSwiftPackageReference;
			repositoryURL = "git@github.com:Moya/Moya.git";
			requirement = {
				kind = exactVersion;
				version = "14.0.0-beta.6";
			};
		};
/* End XCRemoteSwiftPackageReference section */

/* Begin XCSwiftPackageProductDependency section */
		0A3FD1EE23A8D50000FE9918 /* CircularProgress */ = {
			isa = XCSwiftPackageProductDependency;
			package = 0A3FD1ED23A8D50000FE9918 /* XCRemoteSwiftPackageReference "CircularProgress" */;
			productName = CircularProgress;
		};
		0A3FD20523A97B6D00FE9918 /* PromiseKit */ = {
			isa = XCSwiftPackageProductDependency;
			package = 0A3FD20423A97B6D00FE9918 /* XCRemoteSwiftPackageReference "PromiseKit" */;
			productName = PromiseKit;
		};
		0AF69E0623A603AF0037DBDD /* Moya */ = {
			isa = XCSwiftPackageProductDependency;
			package = 0AF69E0523A603AF0037DBDD /* XCRemoteSwiftPackageReference "Moya" */;
			productName = Moya;
		};
/* End XCSwiftPackageProductDependency section */
	};
	rootObject = 0A7130AC236369EA00817593 /* Project object */;
}
